
Microsoft Visual Studio Solution File, Format Version 12.00
Project("{2150E333-8FDC-42A3-9474-1A3956D46DE8}") = "src", "src", "{1BC86732-510D-407B-8C18-FA83874E5FA0}"
EndProject
Project("{2150E333-8FDC-42A3-9474-1A3956D46DE8}") = "Presentation", "Presentation", "{987AC437-17A7-4E7F-9676-5694A637A4B8}"
EndProject
Project("{FAE04EC0-301F-11D3-BF4B-00C04F79EFBC}") = "PatientCare.Presentation", "PatientCare.Presentation\PatientCare.Presentation.csproj", "{B098D734-4785-46F5-8C99-4E53B95049CC}"
EndProject
Project("{2150E333-8FDC-42A3-9474-1A3956D46DE8}") = "Infrastructure", "Infrastructure", "{101638FA-10A8-416F-98FC-4B48F9E1FFC7}"
EndProject
Project("{FAE04EC0-301F-11D3-BF4B-00C04F79EFBC}") = "PatientCare.Persistence", "PatientCare.Persistence\PatientCare.Persistence.csproj", "{96CAB59A-E62D-46A0-9148-29A3E0D0AD2D}"
EndProject
Project("{2150E333-8FDC-42A3-9474-1A3956D46DE8}") = "Application", "Application", "{CFCF4E1B-C452-4609-BF80-32E862E6BCB1}"
EndProject
Project("{FAE04EC0-301F-11D3-BF4B-00C04F79EFBC}") = "PatientCare.Application", "PatientCare.Application\PatientCare.Application.csproj", "{BB553D31-CB3C-42E8-A8EA-3960B8918052}"
EndProject
Project("{FAE04EC0-301F-11D3-BF4B-00C04F79EFBC}") = "PatientCare.Domain", "PatientCare.Domain\PatientCare.Domain.csproj", "{130B6C2D-6D57-4132-BD48-B87C15EDE7E9}"
EndProject
Project("{FAE04EC0-301F-11D3-BF4B-00C04F79EFBC}") = "PatientCare", "PatientCare\PatientCare.csproj", "{98B03A21-264E-4C2E-9867-7A0DDD0C5424}"
EndProject
Global
	GlobalSection(SolutionConfigurationPlatforms) = preSolution
		Debug|Any CPU = Debug|Any CPU
		Release|Any CPU = Release|Any CPU
	EndGlobalSection
	GlobalSection(ProjectConfigurationPlatforms) = postSolution
		{B098D734-4785-46F5-8C99-4E53B95049CC}.Debug|Any CPU.ActiveCfg = Debug|Any CPU
		{B098D734-4785-46F5-8C99-4E53B95049CC}.Debug|Any CPU.Build.0 = Debug|Any CPU
		{B098D734-4785-46F5-8C99-4E53B95049CC}.Release|Any CPU.ActiveCfg = Release|Any CPU
		{B098D734-4785-46F5-8C99-4E53B95049CC}.Release|Any CPU.Build.0 = Release|Any CPU
		{96CAB59A-E62D-46A0-9148-29A3E0D0AD2D}.Debug|Any CPU.ActiveCfg = Debug|Any CPU
		{96CAB59A-E62D-46A0-9148-29A3E0D0AD2D}.Debug|Any CPU.Build.0 = Debug|Any CPU
		{96CAB59A-E62D-46A0-9148-29A3E0D0AD2D}.Release|Any CPU.ActiveCfg = Release|Any CPU
		{96CAB59A-E62D-46A0-9148-29A3E0D0AD2D}.Release|Any CPU.Build.0 = Release|Any CPU
		{BB553D31-CB3C-42E8-A8EA-3960B8918052}.Debug|Any CPU.ActiveCfg = Debug|Any CPU
		{BB553D31-CB3C-42E8-A8EA-3960B8918052}.Debug|Any CPU.Build.0 = Debug|Any CPU
		{BB553D31-CB3C-42E8-A8EA-3960B8918052}.Release|Any CPU.ActiveCfg = Release|Any CPU
		{BB553D31-CB3C-42E8-A8EA-3960B8918052}.Release|Any CPU.Build.0 = Release|Any CPU
		{130B6C2D-6D57-4132-BD48-B87C15EDE7E9}.Debug|Any CPU.ActiveCfg = Debug|Any CPU
		{130B6C2D-6D57-4132-BD48-B87C15EDE7E9}.Debug|Any CPU.Build.0 = Debug|Any CPU
		{130B6C2D-6D57-4132-BD48-B87C15EDE7E9}.Release|Any CPU.ActiveCfg = Release|Any CPU
		{130B6C2D-6D57-4132-BD48-B87C15EDE7E9}.Release|Any CPU.Build.0 = Release|Any CPU
		{98B03A21-264E-4C2E-9867-7A0DDD0C5424}.Debug|Any CPU.ActiveCfg = Debug|Any CPU
		{98B03A21-264E-4C2E-9867-7A0DDD0C5424}.Debug|Any CPU.Build.0 = Debug|Any CPU
		{98B03A21-264E-4C2E-9867-7A0DDD0C5424}.Release|Any CPU.ActiveCfg = Release|Any CPU
		{98B03A21-264E-4C2E-9867-7A0DDD0C5424}.Release|Any CPU.Build.0 = Release|Any CPU
	EndGlobalSection
	GlobalSection(NestedProjects) = preSolution
		{987AC437-17A7-4E7F-9676-5694A637A4B8} = {1BC86732-510D-407B-8C18-FA83874E5FA0}
		{B098D734-4785-46F5-8C99-4E53B95049CC} = {987AC437-17A7-4E7F-9676-5694A637A4B8}
		{101638FA-10A8-416F-98FC-4B48F9E1FFC7} = {1BC86732-510D-407B-8C18-FA83874E5FA0}
		{96CAB59A-E62D-46A0-9148-29A3E0D0AD2D} = {101638FA-10A8-416F-98FC-4B48F9E1FFC7}
		{CFCF4E1B-C452-4609-BF80-32E862E6BCB1} = {1BC86732-510D-407B-8C18-FA83874E5FA0}
		{BB553D31-CB3C-42E8-A8EA-3960B8918052} = {CFCF4E1B-C452-4609-BF80-32E862E6BCB1}
		{130B6C2D-6D57-4132-BD48-B87C15EDE7E9} = {CFCF4E1B-C452-4609-BF80-32E862E6BCB1}
	EndGlobalSection
EndGlobal
